
Microsoft Visual Studio Solution File, Format Version 12.00
# Visual Studio Version 17
VisualStudioVersion = 17.7.34024.191
MinimumVisualStudioVersion = 10.0.40219.1
Project("{FAE04EC0-301F-11D3-BF4B-00C04F79EFBC}") = "WpfApp2", "WpfApp2\WpfApp2.csproj", "{AE714D43-6803-4F63-8C7E-9EA93AA8CB6E}"
EndProject
Global
	GlobalSection(SolutionConfigurationPlatforms) = preSolution
		Debug|Any CPU = Debug|Any CPU
		Release|Any CPU = Release|Any CPU
	EndGlobalSection
	GlobalSection(ProjectConfigurationPlatforms) = postSolution
		{AE714D43-6803-4F63-8C7E-9EA93AA8CB6E}.Debug|Any CPU.ActiveCfg = Debug|Any CPU
		{AE714D43-6803-4F63-8C7E-9EA93AA8CB6E}.Debug|Any CPU.Build.0 = Debug|Any CPU
		{AE714D43-6803-4F63-8C7E-9EA93AA8CB6E}.Release|Any CPU.ActiveCfg = Release|Any CPU
		{AE714D43-6803-4F63-8C7E-9EA93AA8CB6E}.Release|Any CPU.Build.0 = Release|Any CPU
	EndGlobalSection
	GlobalSection(SolutionProperties) = preSolution
		HideSolutionNode = FALSE
	EndGlobalSection
	GlobalSection(ExtensibilityGlobals) = postSolution
		SolutionGuid = {738C487D-7091-40CE-8E8B-D814137DCC5D}
	EndGlobalSection
EndGlobal
